
Microsoft Visual Studio Solution File, Format Version 12.00
# Visual Studio Version 17
VisualStudioVersion = 17.9.34902.65
MinimumVisualStudioVersion = 10.0.40219.1
Project("{FAE04EC0-301F-11D3-BF4B-00C04F79EFBC}") = "CSharp12Demo", "CSharp12Demo\CSharp12Demo.csproj", "{7ED8675C-EA7F-4182-BF09-1956749640D8}"
EndProject
Global
	GlobalSection(SolutionConfigurationPlatforms) = preSolution
		Debug|Any CPU = Debug|Any CPU
		Release|Any CPU = Release|Any CPU
	EndGlobalSection
	GlobalSection(ProjectConfigurationPlatforms) = postSolution
		{7ED8675C-EA7F-4182-BF09-1956749640D8}.Debug|Any CPU.ActiveCfg = Debug|Any CPU
		{7ED8675C-EA7F-4182-BF09-1956749640D8}.Debug|Any CPU.Build.0 = Debug|Any CPU
		{7ED8675C-EA7F-4182-BF09-1956749640D8}.Release|Any CPU.ActiveCfg = Release|Any CPU
		{7ED8675C-EA7F-4182-BF09-1956749640D8}.Release|Any CPU.Build.0 = Release|Any CPU
	EndGlobalSection
	GlobalSection(SolutionProperties) = preSolution
		HideSolutionNode = FALSE
	EndGlobalSection
	GlobalSection(ExtensibilityGlobals) = postSolution
		SolutionGuid = {FA0E3503-35CE-472D-A0B9-13E3BCF65F32}
	EndGlobalSection
EndGlobal
